<?xml version="1.0" encoding="utf-8"?>
<Project ToolsVersion="4.0" xmlns="http://schemas.microsoft.com/developer/msbuild/2003">
  <ItemGroup>
    <Filter Include="src">
      <UniqueIdentifier>{2DAB880B-99B4-887C-2230-9F7C8E38947C}</UniqueIdentifier>
    </Filter>
    <Filter Include="src\Hydra">
      <UniqueIdentifier>{140517B3-806F-CB29-C9AD-7CCF3557A97E}</UniqueIdentifier>
    </Filter>
    <Filter Include="src\Hydra\API">
      <UniqueIdentifier>{FD5396C2-6914-12F9-324F-5B769ECE56D5}</UniqueIdentifier>
    </Filter>
    <Filter Include="src\Hydra\API\DX12">
      <UniqueIdentifier>{6BA024BE-5784-E513-C0E4-DF66ACE7CF95}</UniqueIdentifier>
    </Filter>
    <Filter Include="src\Hydra\API\DX12\Backend">
      <UniqueIdentifier>{22E2E13A-0EF2-8D0B-77AB-F22963DA7CA4}</UniqueIdentifier>
    </Filter>
    <Filter Include="src\Hydra\API\Vulkan">
      <UniqueIdentifier>{DD62F905-C9F1-82CF-7210-97CA5E7E9375}</UniqueIdentifier>
    </Filter>
    <Filter Include="src\Hydra\API\Vulkan\Backend">
      <UniqueIdentifier>{94F6C243-80B1-B2EF-2969-2B3A1503FD7F}</UniqueIdentifier>
    </Filter>
    <Filter Include="src\Hydra\API\Vulkan\CommandSubmiting">
      <UniqueIdentifier>{FD934D7D-6958-4C6D-32BE-7C379E41E8A2}</UniqueIdentifier>
    </Filter>
    <Filter Include="src\Hydra\Events">
      <UniqueIdentifier>{78B2F9FC-64AB-184F-8DDD-FDD37935F85A}</UniqueIdentifier>
    </Filter>
    <Filter Include="src\Hydra\Platform">
      <UniqueIdentifier>{E8374E3E-D41B-0F94-3D7C-09E7297FF915}</UniqueIdentifier>
    </Filter>
    <Filter Include="src\Hydra\Rendering">
      <UniqueIdentifier>{6137933E-CD98-704C-5606-B7FEC266A70B}</UniqueIdentifier>
    </Filter>
    <Filter Include="src\Hydra\Utils">
      <UniqueIdentifier>{7485F9C2-E010-6787-E921-EA7B552CC387}</UniqueIdentifier>
    </Filter>
    <Filter Include="vendor">
      <UniqueIdentifier>{B3738122-9F15-ACF8-88D0-BF4C74113349}</UniqueIdentifier>
    </Filter>
    <Filter Include="vendor\dx12Helpers">
      <UniqueIdentifier>{74621B21-6046-DC76-C9A6-D6C9B5A9C6F8}</UniqueIdentifier>
    </Filter>
    <Filter Include="vendor\vma">
      <UniqueIdentifier>{66DFC5A8-5297-07F6-BB9E-E051A775A2E6}</UniqueIdentifier>
    </Filter>
  </ItemGroup>
  <ItemGroup>
    <ClInclude Include="src\HYpch.h">
      <Filter>src</Filter>
    </ClInclude>
    <ClInclude Include="src\Hydra\API\CommandBuffer.h">
      <Filter>src\Hydra\API</Filter>
    </ClInclude>
    <ClInclude Include="src\Hydra\API\CommandQueue.h">
      <Filter>src\Hydra\API</Filter>
    </ClInclude>
    <ClInclude Include="src\Hydra\API\Context.h">
      <Filter>src\Hydra\API</Filter>
    </ClInclude>
    <ClInclude Include="src\Hydra\API\DX12\Backend\DxDevice.h">
      <Filter>src\Hydra\API\DX12\Backend</Filter>
    </ClInclude>
    <ClInclude Include="src\Hydra\API\DX12\Backend\DxPhysicalDevice.h">
      <Filter>src\Hydra\API\DX12\Backend</Filter>
    </ClInclude>
    <ClInclude Include="src\Hydra\API\DX12\Backend\DxSwapchain.h">
      <Filter>src\Hydra\API\DX12\Backend</Filter>
    </ClInclude>
    <ClInclude Include="src\Hydra\API\DX12\DxContext.h">
      <Filter>src\Hydra\API\DX12</Filter>
    </ClInclude>
    <ClInclude Include="src\Hydra\API\DX12\DxDeviceQueue.h">
      <Filter>src\Hydra\API\DX12</Filter>
    </ClInclude>
    <ClInclude Include="src\Hydra\API\DX12\DxUtils.h">
      <Filter>src\Hydra\API\DX12</Filter>
    </ClInclude>
    <ClInclude Include="src\Hydra\API\Device.h">
      <Filter>src\Hydra\API</Filter>
    </ClInclude>
    <ClInclude Include="src\Hydra\API\DeviceQueue.h">
      <Filter>src\Hydra\API</Filter>
    </ClInclude>
    <ClInclude Include="src\Hydra\API\Factory.h">
      <Filter>src\Hydra\API</Filter>
    </ClInclude>
    <ClInclude Include="src\Hydra\API\PhysicalDevice.h">
      <Filter>src\Hydra\API</Filter>
    </ClInclude>
    <ClInclude Include="src\Hydra\API\Swapchain.h">
      <Filter>src\Hydra\API</Filter>
    </ClInclude>
    <ClInclude Include="src\Hydra\API\Vulkan\Backend\VulkanDevice.h">
      <Filter>src\Hydra\API\Vulkan\Backend</Filter>
    </ClInclude>
    <ClInclude Include="src\Hydra\API\Vulkan\Backend\VulkanPhysicalDevice.h">
      <Filter>src\Hydra\API\Vulkan\Backend</Filter>
    </ClInclude>
    <ClInclude Include="src\Hydra\API\Vulkan\Backend\VulkanSwapchain.h">
      <Filter>src\Hydra\API\Vulkan\Backend</Filter>
    </ClInclude>
    <ClInclude Include="src\Hydra\API\Vulkan\CommandSubmiting\VulkanCommandBuffer.h">
      <Filter>src\Hydra\API\Vulkan\CommandSubmiting</Filter>
    </ClInclude>
    <ClInclude Include="src\Hydra\API\Vulkan\CommandSubmiting\VulkanCommandQueue.h">
      <Filter>src\Hydra\API\Vulkan\CommandSubmiting</Filter>
    </ClInclude>
    <ClInclude Include="src\Hydra\API\Vulkan\VulkanAllocator.h">
      <Filter>src\Hydra\API\Vulkan</Filter>
    </ClInclude>
    <ClInclude Include="src\Hydra\API\Vulkan\VulkanContext.h">
      <Filter>src\Hydra\API\Vulkan</Filter>
    </ClInclude>
    <ClInclude Include="src\Hydra\API\Vulkan\VulkanDeviceQueue.h">
      <Filter>src\Hydra\API\Vulkan</Filter>
    </ClInclude>
    <ClInclude Include="src\Hydra\API\Vulkan\VulkanUtils.h">
      <Filter>src\Hydra\API\Vulkan</Filter>
    </ClInclude>
    <ClInclude Include="src\Hydra\Application.h">
      <Filter>src\Hydra</Filter>
    </ClInclude>
    <ClInclude Include="src\Hydra\EntryPoint.h">
      <Filter>src\Hydra</Filter>
    </ClInclude>
    <ClInclude Include="src\Hydra\Events\ApplicationEvent.h">
      <Filter>src\Hydra\Events</Filter>
    </ClInclude>
    <ClInclude Include="src\Hydra\Events\Event.h">
      <Filter>src\Hydra\Events</Filter>
    </ClInclude>
    <ClInclude Include="src\Hydra\Events\InputEvent.h">
      <Filter>src\Hydra\Events</Filter>
    </ClInclude>
    <ClInclude Include="src\Hydra\Hydra.h">
      <Filter>src\Hydra</Filter>
    </ClInclude>
    <ClInclude Include="src\Hydra\Layer.h">
      <Filter>src\Hydra</Filter>
    </ClInclude>
    <ClInclude Include="src\Hydra\LayerStack.h">
      <Filter>src\Hydra</Filter>
    </ClInclude>
    <ClInclude Include="src\Hydra\Platform\WindowsWindow.h">
      <Filter>src\Hydra\Platform</Filter>
    </ClInclude>
    <ClInclude Include="src\Hydra\Rendering\GraphicsContext.h">
      <Filter>src\Hydra\Rendering</Filter>
    </ClInclude>
    <ClInclude Include="src\Hydra\Utils\EnumUtils.h">
      <Filter>src\Hydra\Utils</Filter>
    </ClInclude>
    <ClInclude Include="src\Hydra\Utils\Log.h">
      <Filter>src\Hydra\Utils</Filter>
    </ClInclude>
    <ClInclude Include="src\Hydra\Utils\Memory.h">
      <Filter>src\Hydra\Utils</Filter>
    </ClInclude>
    <ClInclude Include="src\Hydra\Utils\PlatformDetection.h">
      <Filter>src\Hydra\Utils</Filter>
    </ClInclude>
    <ClInclude Include="src\Hydra\Window.h">
      <Filter>src\Hydra</Filter>
    </ClInclude>
    <ClInclude Include="vendor\vma\vk_mem_alloc.h">
      <Filter>vendor\vma</Filter>
    </ClInclude>
    <ClInclude Include="src\Hydra\API\ApiUtils.h" />
    <ClInclude Include="src\Hydra\API\DX12\CommandSubmiting\DxCommandQueue.h" />
    <ClInclude Include="src\Hydra\API\DX12\CommandSubmiting\DxCommandBuffer.h" />
  </ItemGroup>
  <ItemGroup>
    <ClCompile Include="src\HYpch.cpp">
      <Filter>src</Filter>
    </ClCompile>
    <ClCompile Include="src\Hydra\API\DX12\Backend\DxDevice.cpp">
      <Filter>src\Hydra\API\DX12\Backend</Filter>
    </ClCompile>
    <ClCompile Include="src\Hydra\API\DX12\Backend\DxPhysicalDevice.cpp">
      <Filter>src\Hydra\API\DX12\Backend</Filter>
    </ClCompile>
    <ClCompile Include="src\Hydra\API\DX12\Backend\DxSwapchain.cpp">
      <Filter>src\Hydra\API\DX12\Backend</Filter>
    </ClCompile>
    <ClCompile Include="src\Hydra\API\DX12\DxContext.cpp">
      <Filter>src\Hydra\API\DX12</Filter>
    </ClCompile>
    <ClCompile Include="src\Hydra\API\DX12\DxDeviceQueue.cpp">
      <Filter>src\Hydra\API\DX12</Filter>
    </ClCompile>
    <ClCompile Include="src\Hydra\API\Factory.cpp">
      <Filter>src\Hydra\API</Filter>
    </ClCompile>
    <ClCompile Include="src\Hydra\API\Vulkan\Backend\VulkanDevice.cpp">
      <Filter>src\Hydra\API\Vulkan\Backend</Filter>
    </ClCompile>
    <ClCompile Include="src\Hydra\API\Vulkan\Backend\VulkanPhysicalDevice.cpp">
      <Filter>src\Hydra\API\Vulkan\Backend</Filter>
    </ClCompile>
    <ClCompile Include="src\Hydra\API\Vulkan\Backend\VulkanSwapchain.cpp">
      <Filter>src\Hydra\API\Vulkan\Backend</Filter>
    </ClCompile>
    <ClCompile Include="src\Hydra\API\Vulkan\CommandSubmiting\VulkanCommandBuffer.cpp">
      <Filter>src\Hydra\API\Vulkan\CommandSubmiting</Filter>
    </ClCompile>
    <ClCompile Include="src\Hydra\API\Vulkan\CommandSubmiting\VulkanCommandQueue.cpp">
      <Filter>src\Hydra\API\Vulkan\CommandSubmiting</Filter>
    </ClCompile>
    <ClCompile Include="src\Hydra\API\Vulkan\VulkanAllocator.cpp">
      <Filter>src\Hydra\API\Vulkan</Filter>
    </ClCompile>
    <ClCompile Include="src\Hydra\API\Vulkan\VulkanContext.cpp">
      <Filter>src\Hydra\API\Vulkan</Filter>
    </ClCompile>
    <ClCompile Include="src\Hydra\API\Vulkan\VulkanDeviceQueue.cpp">
      <Filter>src\Hydra\API\Vulkan</Filter>
    </ClCompile>
    <ClCompile Include="src\Hydra\Application.cpp">
      <Filter>src\Hydra</Filter>
    </ClCompile>
    <ClCompile Include="src\Hydra\Layer.cpp">
      <Filter>src\Hydra</Filter>
    </ClCompile>
    <ClCompile Include="src\Hydra\LayerStack.cpp">
      <Filter>src\Hydra</Filter>
    </ClCompile>
    <ClCompile Include="src\Hydra\Platform\WindowsWindow.cpp">
      <Filter>src\Hydra\Platform</Filter>
    </ClCompile>
    <ClCompile Include="src\Hydra\Rendering\GraphicsContext.cpp">
      <Filter>src\Hydra\Rendering</Filter>
    </ClCompile>
    <ClCompile Include="src\Hydra\Utils\Log.cpp">
      <Filter>src\Hydra\Utils</Filter>
    </ClCompile>
    <ClCompile Include="vendor\dx12Helpers\D3D12MemAlloc.cpp">
      <Filter>vendor\dx12Helpers</Filter>
    </ClCompile>
    <ClCompile Include="src\Hydra\API\DX12\CommandSubmiting\DxCommandQueue.cpp" />
    <ClCompile Include="src\Hydra\API\DX12\CommandSubmiting\DxCommandBuffer.cpp" />
  </ItemGroup>
</Project>